# Generated by move; do not edit
# This file should be checked in.

[move]
version = 4

[pinned.testnet.Dubhe]
source = { git = "https://github.com/0xobelisk/dubhe.git", subdir = "framework/src/dubhe", rev = "1c36b14a2be77dc0a6a57bdace96641fef0967d1" }
use_environment = "testnet"
manifest_digest = "B50A32218E466AACB70E7FB4A9B0991CFCF16B50B77AA0D5FBEC6A0730F28D67"
deps = { Sui = "Sui" }

[pinned.testnet.MoveStdlib]
source = { git = "https://github.com/MystenLabs/sui.git", subdir = "crates/sui-framework/packages/move-stdlib", rev = "3c0f387ebb40b8be292d3b7bd3f5bee8ad226d33" }
use_environment = "testnet"
manifest_digest = "C4FE4C91DE74CBF223B2E380AE40F592177D21870DC2D7EB6227D2D694E05363"
deps = {}

[pinned.testnet.MoveStdlib_1]
source = { git = "https://github.com/MystenLabs/sui.git", subdir = "crates/sui-framework/packages/move-stdlib", rev = "0a9aa917aabeb5a6f64b822a075206440b4db3dc" }
use_environment = "testnet"
manifest_digest = "C4FE4C91DE74CBF223B2E380AE40F592177D21870DC2D7EB6227D2D694E05363"
deps = {}

[pinned.testnet.Sui]
source = { git = "https://github.com/MystenLabs/sui.git", subdir = "crates/sui-framework/packages/sui-framework", rev = "3c0f387ebb40b8be292d3b7bd3f5bee8ad226d33" }
use_environment = "testnet"
manifest_digest = "7AFB66695545775FBFBB2D3078ADFD084244D5002392E837FDE21D9EA1C6D01C"
deps = { MoveStdlib = "MoveStdlib" }

[pinned.testnet.Sui_1]
source = { git = "https://github.com/MystenLabs/sui.git", subdir = "crates/sui-framework/packages/sui-framework", rev = "0a9aa917aabeb5a6f64b822a075206440b4db3dc" }
use_environment = "testnet"
manifest_digest = "7AFB66695545775FBFBB2D3078ADFD084244D5002392E837FDE21D9EA1C6D01C"
deps = { MoveStdlib = "MoveStdlib_1" }

[pinned.testnet.sk_spike]
source = { root = true }
use_environment = "testnet"
manifest_digest = "9F51F8108CC07E304524DA0B23BC808F894A566DE8C788DB330DE89039549650"
deps = { Dubhe = "Dubhe", Sui = "Sui_1" }
